{
    "_readme": [
        "This file locks the dependencies of your project to a known state",
        "Read more about it at https://getcomposer.org/doc/01-basic-usage.md#installing-dependencies",
        "This file is @generated automatically"
    ],
    "content-hash": "518afba2672e3ec4fd854e7fc9f6a09c",
    "packages": [
        {
            "name": "igorcacerez/duugwork-system",
            "version": "dev-main",
            "source": {
                "type": "git",
                "url": "https://github.com/igorcacerez/duugwork-system.git",
                "reference": "4c299b9ae7df5dd6afb92ea25f653ffe668d5f24"
            },
            "dist": {
                "type": "zip",
                "url": "https://api.github.com/repos/igorcacerez/duugwork-system/zipball/4c299b9ae7df5dd6afb92ea25f653ffe668d5f24",
                "reference": "4c299b9ae7df5dd6afb92ea25f653ffe668d5f24",
                "shasum": ""
            },
            "require": {
                "php": ">=5.6.0"
            },
            "require-dev": {
                "phpunit/phpunit": "@stable"
            },
            "type": "library",
            "autoload": {
                "psr-4": {
                    "DuugWork\\": "src"
                }
            },
            "notification-url": "https://packagist.org/downloads/",
            "license": [
                "MIT"
            ],
            "authors": [
                {
                    "name": "Igor Cacerez Albino",
                    "email": "igor.cacerez@gmail.com",
                    "role": "Developer"
                }
            ],
            "description": "Sistema geral do framework DuugWork",
            "homepage": "https://github.com/igorcacerez/duugwork-system",
            "keywords": [
                "duug",
                "duugwork",
                "framework",
                "framework php",
                "php"
            ],
            "time": "2021-06-15T12:33:06+00:00"
        }
    ],
    "packages-dev": [],
    "aliases": [],
    "minimum-stability": "stable",
    "stability-flags": {
        "igorcacerez/duugwork-system": 20
    },
    "prefer-stable": false,
    "prefer-lowest": false,
    "platform": [],
    "platform-dev": [],
    "plugin-api-version": "1.1.0"
}
